{
  "name": "ddbind",
  "version": "1.0.0",
  "lockfileVersion": 2,
  "requires": true,
  "packages": {
    "": {
      "name": "ddbind",
      "version": "1.0.0",
      "license": "ISC",
      "devDependencies": {
        "@rollup/plugin-replace": "^5.0.2",
        "rollup": "^3.9.1",
        "rollup-plugin-typescript2": "^0.34.1",
        "terser": "^5.16.1",
        "typescript": "^4.9.4"
      }
    },
    "node_modules/@jridgewell/gen-mapping": {
      "version": "0.3.2",
      "resolved": "https://registry.npmmirror.com/@jridgewell/gen-mapping/-/gen-mapping-0.3.2.tgz",
      "integrity": "sha512-mh65xKQAzI6iBcFzwv28KVWSmCkdRBWoOh+bYQGW3+6OZvbbN3TqMGo5hqYxQniRcH9F2VZIoJCm4pa3BPDK/A==",
      "dev": true,
      "dependencies": {
        "@jridgewell/set-array": "^1.0.1",
        "@jridgewell/sourcemap-codec": "^1.4.10",
        "@jridgewell/trace-mapping": "^0.3.9"
      },
      "engines": {
        "node": ">=6.0.0"
      }
    },
    "node_modules/@jridgewell/resolve-uri": {
      "version": "3.1.0",
      "resolved": "https://registry.npmmirror.com/@jridgewell/resolve-uri/-/resolve-uri-3.1.0.tgz",
      "integrity": "sha512-F2msla3tad+Mfht5cJq7LSXcdudKTWCVYUgw6pLFOOHSTtZlj6SWNYAp+AhuqLmWdBO2X5hPrLcu8cVP8fy28w==",
      "dev": true,
      "engines": {
        "node": ">=6.0.0"
      }
    },
    "node_modules/@jridgewell/set-array": {
      "version": "1.1.2",
      "resolved": "https://registry.npmmirror.com/@jridgewell/set-array/-/set-array-1.1.2.tgz",
      "integrity": "sha512-xnkseuNADM0gt2bs+BvhO0p78Mk762YnZdsuzFV018NoG1Sj1SCQvpSqa7XUaTam5vAGasABV9qXASMKnFMwMw==",
      "dev": true,
      "engines": {
        "node": ">=6.0.0"
      }
    },
    "node_modules/@jridgewell/source-map": {
      "version": "0.3.2",
      "resolved": "https://registry.npmmirror.com/@jridgewell/source-map/-/source-map-0.3.2.tgz",
      "integrity": "sha512-m7O9o2uR8k2ObDysZYzdfhb08VuEml5oWGiosa1VdaPZ/A6QyPkAJuwN0Q1lhULOf6B7MtQmHENS743hWtCrgw==",
      "dev": true,
      "dependencies": {
        "@jridgewell/gen-mapping": "^0.3.0",
        "@jridgewell/trace-mapping": "^0.3.9"
      }
    },
    "node_modules/@jridgewell/sourcemap-codec": {
      "version": "1.4.14",
      "resolved": "https://registry.npmmirror.com/@jridgewell/sourcemap-codec/-/sourcemap-codec-1.4.14.tgz",
      "integrity": "sha512-XPSJHWmi394fuUuzDnGz1wiKqWfo1yXecHQMRf2l6hztTO+nPru658AyDngaBe7isIxEkRsPR3FZh+s7iVa4Uw==",
      "dev": true
    },
    "node_modules/@jridgewell/trace-mapping": {
      "version": "0.3.17",
      "resolved": "https://registry.npmmirror.com/@jridgewell/trace-mapping/-/trace-mapping-0.3.17.tgz",
      "integrity": "sha512-MCNzAp77qzKca9+W/+I0+sEpaUnZoeasnghNeVc41VZCEKaCH73Vq3BZZ/SzWIgrqE4H4ceI+p+b6C0mHf9T4g==",
      "dev": true,
      "dependencies": {
        "@jridgewell/resolve-uri": "3.1.0",
        "@jridgewell/sourcemap-codec": "1.4.14"
      }
    },
    "node_modules/@rollup/plugin-replace": {
      "version": "5.0.2",
      "resolved": "https://registry.npmmirror.com/@rollup/plugin-replace/-/plugin-replace-5.0.2.tgz",
      "integrity": "sha512-M9YXNekv/C/iHHK+cvORzfRYfPbq0RDD8r0G+bMiTXjNGKulPnCT9O3Ss46WfhI6ZOCgApOP7xAdmCQJ+U2LAA==",
      "dev": true,
      "dependencies": {
        "@rollup/pluginutils": "^5.0.1",
        "magic-string": "^0.27.0"
      },
      "engines": {
        "node": ">=14.0.0"
      },
      "peerDependencies": {
        "rollup": "^1.20.0||^2.0.0||^3.0.0"
      },
      "peerDependenciesMeta": {
        "rollup": {
          "optional": true
        }
      }
    },
    "node_modules/@rollup/plugin-replace/node_modules/@rollup/pluginutils": {
      "version": "5.0.2",
      "resolved": "https://registry.npmmirror.com/@rollup/pluginutils/-/pluginutils-5.0.2.tgz",
      "integrity": "sha512-pTd9rIsP92h+B6wWwFbW8RkZv4hiR/xKsqre4SIuAOaOEQRxi0lqLke9k2/7WegC85GgUs9pjmOjCUi3In4vwA==",
      "dev": true,
      "dependencies": {
        "@types/estree": "^1.0.0",
        "estree-walker": "^2.0.2",
        "picomatch": "^2.3.1"
      },
      "engines": {
        "node": ">=14.0.0"
      },
      "peerDependencies": {
        "rollup": "^1.20.0||^2.0.0||^3.0.0"
      },
      "peerDependenciesMeta": {
        "rollup": {
          "optional": true
        }
      }
    },
    "node_modules/@rollup/pluginutils": {
      "version": "4.2.1",
      "resolved": "https://registry.npmmirror.com/@rollup/pluginutils/-/pluginutils-4.2.1.tgz",
      "integrity": "sha512-iKnFXr7NkdZAIHiIWE+BX5ULi/ucVFYWD6TbAV+rZctiRTY2PL6tsIKhoIOaoskiWAkgu+VsbXgUVDNLHf+InQ==",
      "dev": true,
      "dependencies": {
        "estree-walker": "^2.0.1",
        "picomatch": "^2.2.2"
      },
      "engines": {
        "node": ">= 8.0.0"
      }
    },
    "node_modules/@types/estree": {
      "version": "1.0.0",
      "resolved": "https://registry.npmmirror.com/@types/estree/-/estree-1.0.0.tgz",
      "integrity": "sha512-WulqXMDUTYAXCjZnk6JtIHPigp55cVtDgDrO2gHRwhyJto21+1zbVCtOYB2L1F9w4qCQ0rOGWBnBe0FNTiEJIQ==",
      "dev": true
    },
    "node_modules/acorn": {
      "version": "8.8.1",
      "resolved": "https://registry.npmmirror.com/acorn/-/acorn-8.8.1.tgz",
      "integrity": "sha512-7zFpHzhnqYKrkYdUjF1HI1bzd0VygEGX8lFk4k5zVMqHEoES+P+7TKI+EvLO9WVMJ8eekdO0aDEK044xTXwPPA==",
      "dev": true,
      "bin": {
        "acorn": "bin/acorn"
      },
      "engines": {
        "node": ">=0.4.0"
      }
    },
    "node_modules/buffer-from": {
      "version": "1.1.2",
      "resolved": "https://registry.npmmirror.com/buffer-from/-/buffer-from-1.1.2.tgz",
      "integrity": "sha512-E+XQCRwSbaaiChtv6k6Dwgc+bx+Bs6vuKJHHl5kox/BaKbhiXzqQOwK4cO22yElGp2OCmjwVhT3HmxgyPGnJfQ==",
      "dev": true
    },
    "node_modules/commander": {
      "version": "2.20.3",
      "resolved": "https://registry.npmmirror.com/commander/-/commander-2.20.3.tgz",
      "integrity": "sha512-GpVkmM8vF2vQUkj2LvZmD35JxeJOLCwJ9cUkugyk2nuhbv3+mJvpLYYt+0+USMxE+oj+ey/lJEnhZw75x/OMcQ==",
      "dev": true
    },
    "node_modules/commondir": {
      "version": "1.0.1",
      "resolved": "https://registry.npmmirror.com/commondir/-/commondir-1.0.1.tgz",
      "integrity": "sha512-W9pAhw0ja1Edb5GVdIF1mjZw/ASI0AlShXM83UUGe2DVr5TdAPEA1OA8m/g8zWp9x6On7gqufY+FatDbC3MDQg==",
      "dev": true
    },
    "node_modules/estree-walker": {
      "version": "2.0.2",
      "resolved": "https://registry.npmmirror.com/estree-walker/-/estree-walker-2.0.2.tgz",
      "integrity": "sha512-Rfkk/Mp/DL7JVje3u18FxFujQlTNR2q6QfMSMB7AvCBx91NGj/ba3kCfza0f6dVDbw7YlRf/nDrn7pQrCCyQ/w==",
      "dev": true
    },
    "node_modules/find-cache-dir": {
      "version": "3.3.2",
      "resolved": "https://registry.npmmirror.com/find-cache-dir/-/find-cache-dir-3.3.2.tgz",
      "integrity": "sha512-wXZV5emFEjrridIgED11OoUKLxiYjAcqot/NJdAkOhlJ+vGzwhOAfcG5OX1jP+S0PcjEn8bdMJv+g2jwQ3Onig==",
      "dev": true,
      "dependencies": {
        "commondir": "^1.0.1",
        "make-dir": "^3.0.2",
        "pkg-dir": "^4.1.0"
      },
      "engines": {
        "node": ">=8"
      }
    },
    "node_modules/find-up": {
      "version": "4.1.0",
      "resolved": "https://registry.npmmirror.com/find-up/-/find-up-4.1.0.tgz",
      "integrity": "sha512-PpOwAdQ/YlXQ2vj8a3h8IipDuYRi3wceVQQGYWxNINccq40Anw7BlsEXCMbt1Zt+OLA6Fq9suIpIWD0OsnISlw==",
      "dev": true,
      "dependencies": {
        "locate-path": "^5.0.0",
        "path-exists": "^4.0.0"
      },
      "engines": {
        "node": ">=8"
      }
    },
    "node_modules/fs-extra": {
      "version": "10.1.0",
      "resolved": "https://registry.npmmirror.com/fs-extra/-/fs-extra-10.1.0.tgz",
      "integrity": "sha512-oRXApq54ETRj4eMiFzGnHWGy+zo5raudjuxN0b8H7s/RU2oW0Wvsx9O0ACRN/kRq9E8Vu/ReskGB5o3ji+FzHQ==",
      "dev": true,
      "dependencies": {
        "graceful-fs": "^4.2.0",
        "jsonfile": "^6.0.1",
        "universalify": "^2.0.0"
      },
      "engines": {
        "node": ">=12"
      }
    },
    "node_modules/fsevents": {
      "version": "2.3.2",
      "resolved": "https://registry.npmmirror.com/fsevents/-/fsevents-2.3.2.tgz",
      "integrity": "sha512-xiqMQR4xAeHTuB9uWm+fFRcIOgKBMiOBP+eXiyT7jsgVCq1bkVygt00oASowB7EdtpOHaaPgKt812P9ab+DDKA==",
      "dev": true,
      "hasInstallScript": true,
      "optional": true,
      "os": [
        "darwin"
      ],
      "engines": {
        "node": "^8.16.0 || ^10.6.0 || >=11.0.0"
      }
    },
    "node_modules/graceful-fs": {
      "version": "4.2.10",
      "resolved": "https://registry.npmmirror.com/graceful-fs/-/graceful-fs-4.2.10.tgz",
      "integrity": "sha512-9ByhssR2fPVsNZj478qUUbKfmL0+t5BDVyjShtyZZLiK7ZDAArFFfopyOTj0M05wE2tJPisA4iTnnXl2YoPvOA==",
      "dev": true
    },
    "node_modules/jsonfile": {
      "version": "6.1.0",
      "resolved": "https://registry.npmmirror.com/jsonfile/-/jsonfile-6.1.0.tgz",
      "integrity": "sha512-5dgndWOriYSm5cnYaJNhalLNDKOqFwyDB/rr1E9ZsGciGvKPs8R2xYGCacuf3z6K1YKDz182fd+fY3cn3pMqXQ==",
      "dev": true,
      "dependencies": {
        "universalify": "^2.0.0"
      },
      "optionalDependencies": {
        "graceful-fs": "^4.1.6"
      }
    },
    "node_modules/locate-path": {
      "version": "5.0.0",
      "resolved": "https://registry.npmmirror.com/locate-path/-/locate-path-5.0.0.tgz",
      "integrity": "sha512-t7hw9pI+WvuwNJXwk5zVHpyhIqzg2qTlklJOf0mVxGSbe3Fp2VieZcduNYjaLDoy6p9uGpQEGWG87WpMKlNq8g==",
      "dev": true,
      "dependencies": {
        "p-locate": "^4.1.0"
      },
      "engines": {
        "node": ">=8"
      }
    },
    "node_modules/lru-cache": {
      "version": "6.0.0",
      "resolved": "https://registry.npmmirror.com/lru-cache/-/lru-cache-6.0.0.tgz",
      "integrity": "sha512-Jo6dJ04CmSjuznwJSS3pUeWmd/H0ffTlkXXgwZi+eq1UCmqQwCh+eLsYOYCwY991i2Fah4h1BEMCx4qThGbsiA==",
      "dev": true,
      "dependencies": {
        "yallist": "^4.0.0"
      },
      "engines": {
        "node": ">=10"
      }
    },
    "node_modules/magic-string": {
      "version": "0.27.0",
      "resolved": "https://registry.npmmirror.com/magic-string/-/magic-string-0.27.0.tgz",
      "integrity": "sha512-8UnnX2PeRAPZuN12svgR9j7M1uWMovg/CEnIwIG0LFkXSJJe4PdfUGiTGl8V9bsBHFUtfVINcSyYxd7q+kx9fA==",
      "dev": true,
      "dependencies": {
        "@jridgewell/sourcemap-codec": "^1.4.13"
      },
      "engines": {
        "node": ">=12"
      }
    },
    "node_modules/make-dir": {
      "version": "3.1.0",
      "resolved": "https://registry.npmmirror.com/make-dir/-/make-dir-3.1.0.tgz",
      "integrity": "sha512-g3FeP20LNwhALb/6Cz6Dd4F2ngze0jz7tbzrD2wAV+o9FeNHe4rL+yK2md0J/fiSf1sa1ADhXqi5+oVwOM/eGw==",
      "dev": true,
      "dependencies": {
        "semver": "^6.0.0"
      },
      "engines": {
        "node": ">=8"
      }
    },
    "node_modules/make-dir/node_modules/semver": {
      "version": "6.3.0",
      "resolved": "https://registry.npmmirror.com/semver/-/semver-6.3.0.tgz",
      "integrity": "sha512-b39TBaTSfV6yBrapU89p5fKekE2m/NwnDocOVruQFS1/veMgdzuPcnOM34M6CwxW8jH/lxEa5rBoDeUwu5HHTw==",
      "dev": true,
      "bin": {
        "semver": "bin/semver.js"
      }
    },
    "node_modules/p-limit": {
      "version": "2.3.0",
      "resolved": "https://registry.npmmirror.com/p-limit/-/p-limit-2.3.0.tgz",
      "integrity": "sha512-//88mFWSJx8lxCzwdAABTJL2MyWB12+eIY7MDL2SqLmAkeKU9qxRvWuSyTjm3FUmpBEMuFfckAIqEaVGUDxb6w==",
      "dev": true,
      "dependencies": {
        "p-try": "^2.0.0"
      },
      "engines": {
        "node": ">=6"
      }
    },
    "node_modules/p-locate": {
      "version": "4.1.0",
      "resolved": "https://registry.npmmirror.com/p-locate/-/p-locate-4.1.0.tgz",
      "integrity": "sha512-R79ZZ/0wAxKGu3oYMlz8jy/kbhsNrS7SKZ7PxEHBgJ5+F2mtFW2fK2cOtBh1cHYkQsbzFV7I+EoRKe6Yt0oK7A==",
      "dev": true,
      "dependencies": {
        "p-limit": "^2.2.0"
      },
      "engines": {
        "node": ">=8"
      }
    },
    "node_modules/p-try": {
      "version": "2.2.0",
      "resolved": "https://registry.npmmirror.com/p-try/-/p-try-2.2.0.tgz",
      "integrity": "sha512-R4nPAVTAU0B9D35/Gk3uJf/7XYbQcyohSKdvAxIRSNghFl4e71hVoGnBNQz9cWaXxO2I10KTC+3jMdvvoKw6dQ==",
      "dev": true,
      "engines": {
        "node": ">=6"
      }
    },
    "node_modules/path-exists": {
      "version": "4.0.0",
      "resolved": "https://registry.npmmirror.com/path-exists/-/path-exists-4.0.0.tgz",
      "integrity": "sha512-ak9Qy5Q7jYb2Wwcey5Fpvg2KoAc/ZIhLSLOSBmRmygPsGwkVVt0fZa0qrtMz+m6tJTAHfZQ8FnmB4MG4LWy7/w==",
      "dev": true,
      "engines": {
        "node": ">=8"
      }
    },
    "node_modules/picomatch": {
      "version": "2.3.1",
      "resolved": "https://registry.npmmirror.com/picomatch/-/picomatch-2.3.1.tgz",
      "integrity": "sha512-JU3teHTNjmE2VCGFzuY8EXzCDVwEqB2a8fsIvwaStHhAWJEeVd1o1QD80CU6+ZdEXXSLbSsuLwJjkCBWqRQUVA==",
      "dev": true,
      "engines": {
        "node": ">=8.6"
      }
    },
    "node_modules/pkg-dir": {
      "version": "4.2.0",
      "resolved": "https://registry.npmmirror.com/pkg-dir/-/pkg-dir-4.2.0.tgz",
      "integrity": "sha512-HRDzbaKjC+AOWVXxAU/x54COGeIv9eb+6CkDSQoNTt4XyWoIJvuPsXizxu/Fr23EiekbtZwmh1IcIG/l/a10GQ==",
      "dev": true,
      "dependencies": {
        "find-up": "^4.0.0"
      },
      "engines": {
        "node": ">=8"
      }
    },
    "node_modules/rollup": {
      "version": "3.9.1",
      "resolved": "https://registry.npmmirror.com/rollup/-/rollup-3.9.1.tgz",
      "integrity": "sha512-GswCYHXftN8ZKGVgQhTFUJB/NBXxrRGgO2NCy6E8s1rwEJ4Q9/VttNqcYfEvx4dTo4j58YqdC3OVztPzlKSX8w==",
      "dev": true,
      "bin": {
        "rollup": "dist/bin/rollup"
      },
      "engines": {
        "node": ">=14.18.0",
        "npm": ">=8.0.0"
      },
      "optionalDependencies": {
        "fsevents": "~2.3.2"
      }
    },
    "node_modules/rollup-plugin-typescript2": {
      "version": "0.34.1",
      "resolved": "https://registry.npmmirror.com/rollup-plugin-typescript2/-/rollup-plugin-typescript2-0.34.1.tgz",
      "integrity": "sha512-P4cHLtGikESmqi1CA+tdMDUv8WbQV48mzPYt77TSTOPJpERyZ9TXdDgjSDix8Fkqce6soYz3+fa4lrC93IEkcw==",
      "dev": true,
      "dependencies": {
        "@rollup/pluginutils": "^4.1.2",
        "find-cache-dir": "^3.3.2",
        "fs-extra": "^10.0.0",
        "semver": "^7.3.7",
        "tslib": "^2.4.0"
      },
      "peerDependencies": {
        "rollup": ">=1.26.3",
        "typescript": ">=2.4.0"
      }
    },
    "node_modules/semver": {
      "version": "7.3.8",
      "resolved": "https://registry.npmmirror.com/semver/-/semver-7.3.8.tgz",
      "integrity": "sha512-NB1ctGL5rlHrPJtFDVIVzTyQylMLu9N9VICA6HSFJo8MCGVTMW6gfpicwKmmK/dAjTOrqu5l63JJOpDSrAis3A==",
      "dev": true,
      "dependencies": {
        "lru-cache": "^6.0.0"
      },
      "bin": {
        "semver": "bin/semver.js"
      },
      "engines": {
        "node": ">=10"
      }
    },
    "node_modules/source-map": {
      "version": "0.6.1",
      "resolved": "https://registry.npmmirror.com/source-map/-/source-map-0.6.1.tgz",
      "integrity": "sha512-UjgapumWlbMhkBgzT7Ykc5YXUT46F0iKu8SGXq0bcwP5dz/h0Plj6enJqjz1Zbq2l5WaqYnrVbwWOWMyF3F47g==",
      "dev": true,
      "engines": {
        "node": ">=0.10.0"
      }
    },
    "node_modules/source-map-support": {
      "version": "0.5.21",
      "resolved": "https://registry.npmmirror.com/source-map-support/-/source-map-support-0.5.21.tgz",
      "integrity": "sha512-uBHU3L3czsIyYXKX88fdrGovxdSCoTGDRZ6SYXtSRxLZUzHg5P/66Ht6uoUlHu9EZod+inXhKo3qQgwXUT/y1w==",
      "dev": true,
      "dependencies": {
        "buffer-from": "^1.0.0",
        "source-map": "^0.6.0"
      }
    },
    "node_modules/terser": {
      "version": "5.16.1",
      "resolved": "https://registry.npmmirror.com/terser/-/terser-5.16.1.tgz",
      "integrity": "sha512-xvQfyfA1ayT0qdK47zskQgRZeWLoOQ8JQ6mIgRGVNwZKdQMU+5FkCBjmv4QjcrTzyZquRw2FVtlJSRUmMKQslw==",
      "dev": true,
      "dependencies": {
        "@jridgewell/source-map": "^0.3.2",
        "acorn": "^8.5.0",
        "commander": "^2.20.0",
        "source-map-support": "~0.5.20"
      },
      "bin": {
        "terser": "bin/terser"
      },
      "engines": {
        "node": ">=10"
      }
    },
    "node_modules/tslib": {
      "version": "2.4.1",
      "resolved": "https://registry.npmmirror.com/tslib/-/tslib-2.4.1.tgz",
      "integrity": "sha512-tGyy4dAjRIEwI7BzsB0lynWgOpfqjUdq91XXAlIWD2OwKBH7oCl/GZG/HT4BOHrTlPMOASlMQ7veyTqpmRcrNA==",
      "dev": true
    },
    "node_modules/typescript": {
      "version": "4.9.4",
      "resolved": "https://registry.npmmirror.com/typescript/-/typescript-4.9.4.tgz",
      "integrity": "sha512-Uz+dTXYzxXXbsFpM86Wh3dKCxrQqUcVMxwU54orwlJjOpO3ao8L7j5lH+dWfTwgCwIuM9GQ2kvVotzYJMXTBZg==",
      "dev": true,
      "bin": {
        "tsc": "bin/tsc",
        "tsserver": "bin/tsserver"
      },
      "engines": {
        "node": ">=4.2.0"
      }
    },
    "node_modules/universalify": {
      "version": "2.0.0",
      "resolved": "https://registry.npmmirror.com/universalify/-/universalify-2.0.0.tgz",
      "integrity": "sha512-hAZsKq7Yy11Zu1DE0OzWjw7nnLZmJZYTDZZyEFHZdUhV8FkH5MCfoU1XMaxXovpyW5nq5scPqq0ZDP9Zyl04oQ==",
      "dev": true,
      "engines": {
        "node": ">= 10.0.0"
      }
    },
    "node_modules/yallist": {
      "version": "4.0.0",
      "resolved": "https://registry.npmmirror.com/yallist/-/yallist-4.0.0.tgz",
      "integrity": "sha512-3wdGidZyq5PB084XLES5TpOSRA3wjXAlIWMhum2kRcv/41Sn2emQ0dycQW4uZXLejwKvg6EsvbdlVL+FYEct7A==",
      "dev": true
    }
  },
  "dependencies": {
    "@jridgewell/gen-mapping": {
      "version": "0.3.2",
      "resolved": "https://registry.npmmirror.com/@jridgewell/gen-mapping/-/gen-mapping-0.3.2.tgz",
      "integrity": "sha512-mh65xKQAzI6iBcFzwv28KVWSmCkdRBWoOh+bYQGW3+6OZvbbN3TqMGo5hqYxQniRcH9F2VZIoJCm4pa3BPDK/A==",
      "dev": true,
      "requires": {
        "@jridgewell/set-array": "^1.0.1",
        "@jridgewell/sourcemap-codec": "^1.4.10",
        "@jridgewell/trace-mapping": "^0.3.9"
      }
    },
    "@jridgewell/resolve-uri": {
      "version": "3.1.0",
      "resolved": "https://registry.npmmirror.com/@jridgewell/resolve-uri/-/resolve-uri-3.1.0.tgz",
      "integrity": "sha512-F2msla3tad+Mfht5cJq7LSXcdudKTWCVYUgw6pLFOOHSTtZlj6SWNYAp+AhuqLmWdBO2X5hPrLcu8cVP8fy28w==",
      "dev": true
    },
    "@jridgewell/set-array": {
      "version": "1.1.2",
      "resolved": "https://registry.npmmirror.com/@jridgewell/set-array/-/set-array-1.1.2.tgz",
      "integrity": "sha512-xnkseuNADM0gt2bs+BvhO0p78Mk762YnZdsuzFV018NoG1Sj1SCQvpSqa7XUaTam5vAGasABV9qXASMKnFMwMw==",
      "dev": true
    },
    "@jridgewell/source-map": {
      "version": "0.3.2",
      "resolved": "https://registry.npmmirror.com/@jridgewell/source-map/-/source-map-0.3.2.tgz",
      "integrity": "sha512-m7O9o2uR8k2ObDysZYzdfhb08VuEml5oWGiosa1VdaPZ/A6QyPkAJuwN0Q1lhULOf6B7MtQmHENS743hWtCrgw==",
      "dev": true,
      "requires": {
        "@jridgewell/gen-mapping": "^0.3.0",
        "@jridgewell/trace-mapping": "^0.3.9"
      }
    },
    "@jridgewell/sourcemap-codec": {
      "version": "1.4.14",
      "resolved": "https://registry.npmmirror.com/@jridgewell/sourcemap-codec/-/sourcemap-codec-1.4.14.tgz",
      "integrity": "sha512-XPSJHWmi394fuUuzDnGz1wiKqWfo1yXecHQMRf2l6hztTO+nPru658AyDngaBe7isIxEkRsPR3FZh+s7iVa4Uw==",
      "dev": true
    },
    "@jridgewell/trace-mapping": {
      "version": "0.3.17",
      "resolved": "https://registry.npmmirror.com/@jridgewell/trace-mapping/-/trace-mapping-0.3.17.tgz",
      "integrity": "sha512-MCNzAp77qzKca9+W/+I0+sEpaUnZoeasnghNeVc41VZCEKaCH73Vq3BZZ/SzWIgrqE4H4ceI+p+b6C0mHf9T4g==",
      "dev": true,
      "requires": {
        "@jridgewell/resolve-uri": "3.1.0",
        "@jridgewell/sourcemap-codec": "1.4.14"
      }
    },
    "@rollup/plugin-replace": {
      "version": "5.0.2",
      "resolved": "https://registry.npmmirror.com/@rollup/plugin-replace/-/plugin-replace-5.0.2.tgz",
      "integrity": "sha512-M9YXNekv/C/iHHK+cvORzfRYfPbq0RDD8r0G+bMiTXjNGKulPnCT9O3Ss46WfhI6ZOCgApOP7xAdmCQJ+U2LAA==",
      "dev": true,
      "requires": {
        "@rollup/pluginutils": "^5.0.1",
        "magic-string": "^0.27.0"
      },
      "dependencies": {
        "@rollup/pluginutils": {
          "version": "5.0.2",
          "resolved": "https://registry.npmmirror.com/@rollup/pluginutils/-/pluginutils-5.0.2.tgz",
          "integrity": "sha512-pTd9rIsP92h+B6wWwFbW8RkZv4hiR/xKsqre4SIuAOaOEQRxi0lqLke9k2/7WegC85GgUs9pjmOjCUi3In4vwA==",
          "dev": true,
          "requires": {
            "@types/estree": "^1.0.0",
            "estree-walker": "^2.0.2",
            "picomatch": "^2.3.1"
          }
        }
      }
    },
    "@rollup/pluginutils": {
      "version": "4.2.1",
      "resolved": "https://registry.npmmirror.com/@rollup/pluginutils/-/pluginutils-4.2.1.tgz",
      "integrity": "sha512-iKnFXr7NkdZAIHiIWE+BX5ULi/ucVFYWD6TbAV+rZctiRTY2PL6tsIKhoIOaoskiWAkgu+VsbXgUVDNLHf+InQ==",
      "dev": true,
      "requires": {
        "estree-walker": "^2.0.1",
        "picomatch": "^2.2.2"
      }
    },
    "@types/estree": {
      "version": "1.0.0",
      "resolved": "https://registry.npmmirror.com/@types/estree/-/estree-1.0.0.tgz",
      "integrity": "sha512-WulqXMDUTYAXCjZnk6JtIHPigp55cVtDgDrO2gHRwhyJto21+1zbVCtOYB2L1F9w4qCQ0rOGWBnBe0FNTiEJIQ==",
      "dev": true
    },
    "acorn": {
      "version": "8.8.1",
      "resolved": "https://registry.npmmirror.com/acorn/-/acorn-8.8.1.tgz",
      "integrity": "sha512-7zFpHzhnqYKrkYdUjF1HI1bzd0VygEGX8lFk4k5zVMqHEoES+P+7TKI+EvLO9WVMJ8eekdO0aDEK044xTXwPPA==",
      "dev": true
    },
    "buffer-from": {
      "version": "1.1.2",
      "resolved": "https://registry.npmmirror.com/buffer-from/-/buffer-from-1.1.2.tgz",
      "integrity": "sha512-E+XQCRwSbaaiChtv6k6Dwgc+bx+Bs6vuKJHHl5kox/BaKbhiXzqQOwK4cO22yElGp2OCmjwVhT3HmxgyPGnJfQ==",
      "dev": true
    },
    "commander": {
      "version": "2.20.3",
      "resolved": "https://registry.npmmirror.com/commander/-/commander-2.20.3.tgz",
      "integrity": "sha512-GpVkmM8vF2vQUkj2LvZmD35JxeJOLCwJ9cUkugyk2nuhbv3+mJvpLYYt+0+USMxE+oj+ey/lJEnhZw75x/OMcQ==",
      "dev": true
    },
    "commondir": {
      "version": "1.0.1",
      "resolved": "https://registry.npmmirror.com/commondir/-/commondir-1.0.1.tgz",
      "integrity": "sha512-W9pAhw0ja1Edb5GVdIF1mjZw/ASI0AlShXM83UUGe2DVr5TdAPEA1OA8m/g8zWp9x6On7gqufY+FatDbC3MDQg==",
      "dev": true
    },
    "estree-walker": {
      "version": "2.0.2",
      "resolved": "https://registry.npmmirror.com/estree-walker/-/estree-walker-2.0.2.tgz",
      "integrity": "sha512-Rfkk/Mp/DL7JVje3u18FxFujQlTNR2q6QfMSMB7AvCBx91NGj/ba3kCfza0f6dVDbw7YlRf/nDrn7pQrCCyQ/w==",
      "dev": true
    },
    "find-cache-dir": {
      "version": "3.3.2",
      "resolved": "https://registry.npmmirror.com/find-cache-dir/-/find-cache-dir-3.3.2.tgz",
      "integrity": "sha512-wXZV5emFEjrridIgED11OoUKLxiYjAcqot/NJdAkOhlJ+vGzwhOAfcG5OX1jP+S0PcjEn8bdMJv+g2jwQ3Onig==",
      "dev": true,
      "requires": {
        "commondir": "^1.0.1",
        "make-dir": "^3.0.2",
        "pkg-dir": "^4.1.0"
      }
    },
    "find-up": {
      "version": "4.1.0",
      "resolved": "https://registry.npmmirror.com/find-up/-/find-up-4.1.0.tgz",
      "integrity": "sha512-PpOwAdQ/YlXQ2vj8a3h8IipDuYRi3wceVQQGYWxNINccq40Anw7BlsEXCMbt1Zt+OLA6Fq9suIpIWD0OsnISlw==",
      "dev": true,
      "requires": {
        "locate-path": "^5.0.0",
        "path-exists": "^4.0.0"
      }
    },
    "fs-extra": {
      "version": "10.1.0",
      "resolved": "https://registry.npmmirror.com/fs-extra/-/fs-extra-10.1.0.tgz",
      "integrity": "sha512-oRXApq54ETRj4eMiFzGnHWGy+zo5raudjuxN0b8H7s/RU2oW0Wvsx9O0ACRN/kRq9E8Vu/ReskGB5o3ji+FzHQ==",
      "dev": true,
      "requires": {
        "graceful-fs": "^4.2.0",
        "jsonfile": "^6.0.1",
        "universalify": "^2.0.0"
      }
    },
    "fsevents": {
      "version": "2.3.2",
      "resolved": "https://registry.npmmirror.com/fsevents/-/fsevents-2.3.2.tgz",
      "integrity": "sha512-xiqMQR4xAeHTuB9uWm+fFRcIOgKBMiOBP+eXiyT7jsgVCq1bkVygt00oASowB7EdtpOHaaPgKt812P9ab+DDKA==",
      "dev": true,
      "optional": true
    },
    "graceful-fs": {
      "version": "4.2.10",
      "resolved": "https://registry.npmmirror.com/graceful-fs/-/graceful-fs-4.2.10.tgz",
      "integrity": "sha512-9ByhssR2fPVsNZj478qUUbKfmL0+t5BDVyjShtyZZLiK7ZDAArFFfopyOTj0M05wE2tJPisA4iTnnXl2YoPvOA==",
      "dev": true
    },
    "jsonfile": {
      "version": "6.1.0",
      "resolved": "https://registry.npmmirror.com/jsonfile/-/jsonfile-6.1.0.tgz",
      "integrity": "sha512-5dgndWOriYSm5cnYaJNhalLNDKOqFwyDB/rr1E9ZsGciGvKPs8R2xYGCacuf3z6K1YKDz182fd+fY3cn3pMqXQ==",
      "dev": true,
      "requires": {
        "graceful-fs": "^4.1.6",
        "universalify": "^2.0.0"
      }
    },
    "locate-path": {
      "version": "5.0.0",
      "resolved": "https://registry.npmmirror.com/locate-path/-/locate-path-5.0.0.tgz",
      "integrity": "sha512-t7hw9pI+WvuwNJXwk5zVHpyhIqzg2qTlklJOf0mVxGSbe3Fp2VieZcduNYjaLDoy6p9uGpQEGWG87WpMKlNq8g==",
      "dev": true,
      "requires": {
        "p-locate": "^4.1.0"
      }
    },
    "lru-cache": {
      "version": "6.0.0",
      "resolved": "https://registry.npmmirror.com/lru-cache/-/lru-cache-6.0.0.tgz",
      "integrity": "sha512-Jo6dJ04CmSjuznwJSS3pUeWmd/H0ffTlkXXgwZi+eq1UCmqQwCh+eLsYOYCwY991i2Fah4h1BEMCx4qThGbsiA==",
      "dev": true,
      "requires": {
        "yallist": "^4.0.0"
      }
    },
    "magic-string": {
      "version": "0.27.0",
      "resolved": "https://registry.npmmirror.com/magic-string/-/magic-string-0.27.0.tgz",
      "integrity": "sha512-8UnnX2PeRAPZuN12svgR9j7M1uWMovg/CEnIwIG0LFkXSJJe4PdfUGiTGl8V9bsBHFUtfVINcSyYxd7q+kx9fA==",
      "dev": true,
      "requires": {
        "@jridgewell/sourcemap-codec": "^1.4.13"
      }
    },
    "make-dir": {
      "version": "3.1.0",
      "resolved": "https://registry.npmmirror.com/make-dir/-/make-dir-3.1.0.tgz",
      "integrity": "sha512-g3FeP20LNwhALb/6Cz6Dd4F2ngze0jz7tbzrD2wAV+o9FeNHe4rL+yK2md0J/fiSf1sa1ADhXqi5+oVwOM/eGw==",
      "dev": true,
      "requires": {
        "semver": "^6.0.0"
      },
      "dependencies": {
        "semver": {
          "version": "6.3.0",
          "resolved": "https://registry.npmmirror.com/semver/-/semver-6.3.0.tgz",
          "integrity": "sha512-b39TBaTSfV6yBrapU89p5fKekE2m/NwnDocOVruQFS1/veMgdzuPcnOM34M6CwxW8jH/lxEa5rBoDeUwu5HHTw==",
          "dev": true
        }
      }
    },
    "p-limit": {
      "version": "2.3.0",
      "resolved": "https://registry.npmmirror.com/p-limit/-/p-limit-2.3.0.tgz",
      "integrity": "sha512-//88mFWSJx8lxCzwdAABTJL2MyWB12+eIY7MDL2SqLmAkeKU9qxRvWuSyTjm3FUmpBEMuFfckAIqEaVGUDxb6w==",
      "dev": true,
      "requires": {
        "p-try": "^2.0.0"
      }
    },
    "p-locate": {
      "version": "4.1.0",
      "resolved": "https://registry.npmmirror.com/p-locate/-/p-locate-4.1.0.tgz",
      "integrity": "sha512-R79ZZ/0wAxKGu3oYMlz8jy/kbhsNrS7SKZ7PxEHBgJ5+F2mtFW2fK2cOtBh1cHYkQsbzFV7I+EoRKe6Yt0oK7A==",
      "dev": true,
      "requires": {
        "p-limit": "^2.2.0"
      }
    },
    "p-try": {
      "version": "2.2.0",
      "resolved": "https://registry.npmmirror.com/p-try/-/p-try-2.2.0.tgz",
      "integrity": "sha512-R4nPAVTAU0B9D35/Gk3uJf/7XYbQcyohSKdvAxIRSNghFl4e71hVoGnBNQz9cWaXxO2I10KTC+3jMdvvoKw6dQ==",
      "dev": true
    },
    "path-exists": {
      "version": "4.0.0",
      "resolved": "https://registry.npmmirror.com/path-exists/-/path-exists-4.0.0.tgz",
      "integrity": "sha512-ak9Qy5Q7jYb2Wwcey5Fpvg2KoAc/ZIhLSLOSBmRmygPsGwkVVt0fZa0qrtMz+m6tJTAHfZQ8FnmB4MG4LWy7/w==",
      "dev": true
    },
    "picomatch": {
      "version": "2.3.1",
      "resolved": "https://registry.npmmirror.com/picomatch/-/picomatch-2.3.1.tgz",
      "integrity": "sha512-JU3teHTNjmE2VCGFzuY8EXzCDVwEqB2a8fsIvwaStHhAWJEeVd1o1QD80CU6+ZdEXXSLbSsuLwJjkCBWqRQUVA==",
      "dev": true
    },
    "pkg-dir": {
      "version": "4.2.0",
      "resolved": "https://registry.npmmirror.com/pkg-dir/-/pkg-dir-4.2.0.tgz",
      "integrity": "sha512-HRDzbaKjC+AOWVXxAU/x54COGeIv9eb+6CkDSQoNTt4XyWoIJvuPsXizxu/Fr23EiekbtZwmh1IcIG/l/a10GQ==",
      "dev": true,
      "requires": {
        "find-up": "^4.0.0"
      }
    },
    "rollup": {
      "version": "3.9.1",
      "resolved": "https://registry.npmmirror.com/rollup/-/rollup-3.9.1.tgz",
      "integrity": "sha512-GswCYHXftN8ZKGVgQhTFUJB/NBXxrRGgO2NCy6E8s1rwEJ4Q9/VttNqcYfEvx4dTo4j58YqdC3OVztPzlKSX8w==",
      "dev": true,
      "requires": {
        "fsevents": "~2.3.2"
      }
    },
    "rollup-plugin-typescript2": {
      "version": "0.34.1",
      "resolved": "https://registry.npmmirror.com/rollup-plugin-typescript2/-/rollup-plugin-typescript2-0.34.1.tgz",
      "integrity": "sha512-P4cHLtGikESmqi1CA+tdMDUv8WbQV48mzPYt77TSTOPJpERyZ9TXdDgjSDix8Fkqce6soYz3+fa4lrC93IEkcw==",
      "dev": true,
      "requires": {
        "@rollup/pluginutils": "^4.1.2",
        "find-cache-dir": "^3.3.2",
        "fs-extra": "^10.0.0",
        "semver": "^7.3.7",
        "tslib": "^2.4.0"
      }
    },
    "semver": {
      "version": "7.3.8",
      "resolved": "https://registry.npmmirror.com/semver/-/semver-7.3.8.tgz",
      "integrity": "sha512-NB1ctGL5rlHrPJtFDVIVzTyQylMLu9N9VICA6HSFJo8MCGVTMW6gfpicwKmmK/dAjTOrqu5l63JJOpDSrAis3A==",
      "dev": true,
      "requires": {
        "lru-cache": "^6.0.0"
      }
    },
    "source-map": {
      "version": "0.6.1",
      "resolved": "https://registry.npmmirror.com/source-map/-/source-map-0.6.1.tgz",
      "integrity": "sha512-UjgapumWlbMhkBgzT7Ykc5YXUT46F0iKu8SGXq0bcwP5dz/h0Plj6enJqjz1Zbq2l5WaqYnrVbwWOWMyF3F47g==",
      "dev": true
    },
    "source-map-support": {
      "version": "0.5.21",
      "resolved": "https://registry.npmmirror.com/source-map-support/-/source-map-support-0.5.21.tgz",
      "integrity": "sha512-uBHU3L3czsIyYXKX88fdrGovxdSCoTGDRZ6SYXtSRxLZUzHg5P/66Ht6uoUlHu9EZod+inXhKo3qQgwXUT/y1w==",
      "dev": true,
      "requires": {
        "buffer-from": "^1.0.0",
        "source-map": "^0.6.0"
      }
    },
    "terser": {
      "version": "5.16.1",
      "resolved": "https://registry.npmmirror.com/terser/-/terser-5.16.1.tgz",
      "integrity": "sha512-xvQfyfA1ayT0qdK47zskQgRZeWLoOQ8JQ6mIgRGVNwZKdQMU+5FkCBjmv4QjcrTzyZquRw2FVtlJSRUmMKQslw==",
      "dev": true,
      "requires": {
        "@jridgewell/source-map": "^0.3.2",
        "acorn": "^8.5.0",
        "commander": "^2.20.0",
        "source-map-support": "~0.5.20"
      }
    },
    "tslib": {
      "version": "2.4.1",
      "resolved": "https://registry.npmmirror.com/tslib/-/tslib-2.4.1.tgz",
      "integrity": "sha512-tGyy4dAjRIEwI7BzsB0lynWgOpfqjUdq91XXAlIWD2OwKBH7oCl/GZG/HT4BOHrTlPMOASlMQ7veyTqpmRcrNA==",
      "dev": true
    },
    "typescript": {
      "version": "4.9.4",
      "resolved": "https://registry.npmmirror.com/typescript/-/typescript-4.9.4.tgz",
      "integrity": "sha512-Uz+dTXYzxXXbsFpM86Wh3dKCxrQqUcVMxwU54orwlJjOpO3ao8L7j5lH+dWfTwgCwIuM9GQ2kvVotzYJMXTBZg==",
      "dev": true
    },
    "universalify": {
      "version": "2.0.0",
      "resolved": "https://registry.npmmirror.com/universalify/-/universalify-2.0.0.tgz",
      "integrity": "sha512-hAZsKq7Yy11Zu1DE0OzWjw7nnLZmJZYTDZZyEFHZdUhV8FkH5MCfoU1XMaxXovpyW5nq5scPqq0ZDP9Zyl04oQ==",
      "dev": true
    },
    "yallist": {
      "version": "4.0.0",
      "resolved": "https://registry.npmmirror.com/yallist/-/yallist-4.0.0.tgz",
      "integrity": "sha512-3wdGidZyq5PB084XLES5TpOSRA3wjXAlIWMhum2kRcv/41Sn2emQ0dycQW4uZXLejwKvg6EsvbdlVL+FYEct7A==",
      "dev": true
    }
  }
}
